// !$*UTF8*$!
{
	archiveVersion = 1;
	classes = {
	};
	objectVersion = 48;
	objects = {

/* Begin PBXBuildFile section */
		85B94AC1206CA7F000ABB348 /* AppDelegate.swift in Sources */ = {isa = PBXBuildFile; fileRef = 85B94AC0206CA7F000ABB348 /* AppDelegate.swift */; };
		85B94AC3206CA7F000ABB348 /* ViewController.swift in Sources */ = {isa = PBXBuildFile; fileRef = 85B94AC2206CA7F000ABB348 /* ViewController.swift */; };
		85B94AC6206CA7F000ABB348 /* Main.storyboard in Resources */ = {isa = PBXBuildFile; fileRef = 85B94AC4206CA7F000ABB348 /* Main.storyboard */; };
		85B94AC8206CA7F000ABB348 /* Assets.xcassets in Resources */ = {isa = PBXBuildFile; fileRef = 85B94AC7206CA7F000ABB348 /* Assets.xcassets */; };
		85B94ACB206CA7F000ABB348 /* LaunchScreen.storyboard in Resources */ = {isa = PBXBuildFile; fileRef = 85B94AC9206CA7F000ABB348 /* LaunchScreen.storyboard */; };
/* End PBXBuildFile section */

/* Begin PBXFileReference section */
		85B94ABD206CA7F000ABB348 /* Prime number check.app */ = {isa = PBXFileReference; explicitFileType = wrapper.application; includeInIndex = 0; path = "Prime number check.app"; sourceTree = BUILT_PRODUCTS_DIR; };
		85B94AC0206CA7F000ABB348 /* AppDelegate.swift */ = {isa = PBXFileReference; lastKnownFileType = sourcecode.swift; path = AppDelegate.swift; sourceTree = "<group>"; };
		85B94AC2206CA7F000ABB348 /* ViewController.swift */ = {isa = PBXFileReference; lastKnownFileType = sourcecode.swift; path = ViewController.swift; sourceTree = "<group>"; };
		85B94AC5206CA7F000ABB348 /* Base */ = {isa = PBXFileReference; lastKnownFileType = file.storyboard; name = Base; path = Base.lproj/Main.storyboard; sourceTree = "<group>"; };
		85B94AC7206CA7F000ABB348 /* Assets.xcassets */ = {isa = PBXFileReference; lastKnownFileType = folder.assetcatalog; path = Assets.xcassets; sourceTree = "<group>"; };
		85B94ACA206CA7F000ABB348 /* Base */ = {isa = PBXFileReference; lastKnownFileType = file.storyboard; name = Base; path = Base.lproj/LaunchScreen.storyboard; sourceTree = "<group>"; };
		85B94ACC206CA7F000ABB348 /* Info.plist */ = {isa = PBXFileReference; lastKnownFileType = text.plist.xml; path = Info.plist; sourceTree = "<group>"; };
/* End PBXFileReference section */

/* Begin PBXFrameworksBuildPhase section */
		85B94ABA206CA7F000ABB348 /* Frameworks */ = {
			isa = PBXFrameworksBuildPhase;
			buildActionMask = 2147483647;
			files = (
			);
			runOnlyForDeploymentPostprocessing = 0;
		};
/* End PBXFrameworksBuildPhase section */

/* Begin PBXGroup section */
		85B94AB4206CA7F000ABB348 = {
			isa = PBXGroup;
			children = (
				85B94ABF206CA7F000ABB348 /* Prime number check */,
				85B94ABE206CA7F000ABB348 /* Products */,
			);
			sourceTree = "<group>";
		};
		85B94ABE206CA7F000ABB348 /* Products */ = {
			isa = PBXGroup;
			children = (
				85B94ABD206CA7F000ABB348 /* Prime number check.app */,
			);
			name = Products;
			sourceTree = "<group>";
		};
		85B94ABF206CA7F000ABB348 /* Prime number check */ = {
			isa = PBXGroup;
			children = (
				85B94AC0206CA7F000ABB348 /* AppDelegate.swift */,
				85B94AC2206CA7F000ABB348 /* ViewController.swift */,
				85B94AC4206CA7F000ABB348 /* Main.storyboard */,
				85B94AC7206CA7F000ABB348 /* Assets.xcassets */,
				85B94AC9206CA7F000ABB348 /* LaunchScreen.storyboard */,
				85B94ACC206CA7F000ABB348 /* Info.plist */,
			);
			path = "Prime number check";
			sourceTree = "<group>";
		};
/* End PBXGroup section */

/* Begin PBXNativeTarget section */
		85B94ABC206CA7F000ABB348 /* Prime number check */ = {
			isa = PBXNativeTarget;
			buildConfigurationList = 85B94ACF206CA7F000ABB348 /* Build configuration list for PBXNativeTarget "Prime number check" */;
			buildPhases = (
				85B94AB9206CA7F000ABB348 /* Sources */,
				85B94ABA206CA7F000ABB348 /* Frameworks */,
				85B94ABB206CA7F000ABB348 /* Resources */,
			);
			buildRules = (
			);
			dependencies = (
			);
			name = "Prime number check";
			productName = "Prime number check";
			productReference = 85B94ABD206CA7F000ABB348 /* Prime number check.app */;
			productType = "com.apple.product-type.application";
		};
/* End PBXNativeTarget section */

/* Begin PBXProject section */
		85B94AB5206CA7F000ABB348 /* Project object */ = {
			isa = PBXProject;
			attributes = {
				LastSwiftUpdateCheck = 0920;
				LastUpgradeCheck = 0920;
				ORGANIZATIONNAME = D7703_30;
				TargetAttributes = {
					85B94ABC206CA7F000ABB348 = {
						CreatedOnToolsVersion = 9.2;
						ProvisioningStyle = Automatic;
					};
				};
			};
			buildConfigurationList = 85B94AB8206CA7F000ABB348 /* Build configuration list for PBXProject "Prime number check" */;
			compatibilityVersion = "Xcode 8.0";
			developmentRegion = en;
			hasScannedForEncodings = 0;
			knownRegions = (
				en,
				Base,
			);
			mainGroup = 85B94AB4206CA7F000ABB348;
			productRefGroup = 85B94ABE206CA7F000ABB348 /* Products */;
			projectDirPath = "";
			projectRoot = "";
			targets = (
				85B94ABC206CA7F000ABB348 /* Prime number check */,
			);
		};
/* End PBXProject section */

/* Begin PBXResourcesBuildPhase section */
		85B94ABB206CA7F000ABB348 /* Resources */ = {
			isa = PBXResourcesBuildPhase;
			buildActionMask = 2147483647;
			files = (
				85B94ACB206CA7F000ABB348 /* LaunchScreen.storyboard in Resources */,
				85B94AC8206CA7F000ABB348 /* Assets.xcassets in Resources */,
				85B94AC6206CA7F000ABB348 /* Main.storyboard in Resources */,
			);
			runOnlyForDeploymentPostprocessing = 0;
		};
/* End PBXResourcesBuildPhase section */

/* Begin PBXSourcesBuildPhase section */
		85B94AB9206CA7F000ABB348 /* Sources */ = {
			isa = PBXSourcesBuildPhase;
			buildActionMask = 2147483647;
			files = (
				85B94AC3206CA7F000ABB348 /* ViewController.swift in Sources */,
				85B94AC1206CA7F000ABB348 /* AppDelegate.swift in Sources */,
			);
			runOnlyForDeploymentPostprocessing = 0;
		};
/* End PBXSourcesBuildPhase section */

/* Begin PBXVariantGroup section */
		85B94AC4206CA7F000ABB348 /* Main.storyboard */ = {
			isa = PBXVariantGroup;
			children = (
				85B94AC5206CA7F000ABB348 /* Base */,
			);
			name = Main.storyboard;
			sourceTree = "<group>";
		};
		85B94AC9206CA7F000ABB348 /* LaunchScreen.storyboard */ = {
			isa = PBXVariantGroup;
			children = (
				85B94ACA206CA7F000ABB348 /* Base */,
			);
			name = LaunchScreen.storyboard;
			sourceTree = "<group>";
		};
/* End PBXVariantGroup section */

/* Begin XCBuildConfiguration section */
		85B94ACD206CA7F000ABB348 /* Debug */ = {
			isa = XCBuildConfiguration;
			buildSettings = {
				ALWAYS_SEARCH_USER_PATHS = NO;
				CLANG_ANALYZER_NONNULL = YES;
				CLANG_ANALYZER_NUMBER_OBJECT_CONVERSION = YES_AGGRESSIVE;
				CLANG_CXX_LANGUAGE_STANDARD = "gnu++14";
				CLANG_CXX_LIBRARY = "libc++";
				CLANG_ENABLE_MODULES = YES;
				CLANG_ENABLE_OBJC_ARC = YES;
				CLANG_WARN_BLOCK_CAPTURE_AUTORELEASING = YES;
				CLANG_WARN_BOOL_CONVERSION = YES;
				CLANG_WARN_COMMA = YES;
				CLANG_WARN_CONSTANT_CONVERSION = YES;
				CLANG_WARN_DIRECT_OBJC_ISA_USAGE = YES_ERROR;
				CLANG_WARN_DOCUMENTATION_COMMENTS = YES;
				CLANG_WARN_EMPTY_BODY = YES;
				CLANG_WARN_ENUM_CONVERSION = YES;
				CLANG_WARN_INFINITE_RECURSION = YES;
				CLANG_WARN_INT_CONVERSION = YES;
				CLANG_WARN_NON_LITERAL_NULL_CONVERSION = YES;
				CLANG_WARN_OBJC_LITERAL_CONVERSION = YES;
				CLANG_WARN_OBJC_ROOT_CLASS = YES_ERROR;
				CLANG_WARN_RANGE_LOOP_ANALYSIS = YES;
				CLANG_WARN_STRICT_PROTOTYPES = YES;
				CLANG_WARN_SUSPICIOUS_MOVE = YES;
				CLANG_WARN_UNGUARDED_AVAILABILITY = YES_AGGRESSIVE;
				CLANG_WARN_UNREACHABLE_CODE = YES;
				CLANG_WARN__DUPLICATE_METHOD_MATCH = YES;
				CODE_SIGN_IDENTITY = "iPhone Developer";
				COPY_PHASE_STRIP = NO;
				DEBUG_INFORMATION_FORMAT = dwarf;
				ENABLE_STRICT_OBJC_MSGSEND = YES;
				ENABLE_TESTABILITY = YES;
				GCC_C_LANGUAGE_STANDARD = gnu11;
				GCC_DYNAMIC_NO_PIC = NO;
				GCC_NO_COMMON_BLOCKS = YES;
				GCC_OPTIMIZATION_LEVEL = 0;
				GCC_PREPROCESSOR_DEFINITIONS = (
					"DEBUG=1",
					"$(inherited)",
				);
				GCC_WARN_64_TO_32_BIT_CONVERSION = YES;
				GCC_WARN_ABOUT_RETURN_TYPE = YES_ERROR;
				GCC_WARN_UNDECLARED_SELECTOR = YES;
				GCC_WARN_UNINITIALIZED_AUTOS = YES_AGGRESSIVE;
				GCC_WARN_UNUSED_FUNCTION = YES;
				GCC_WARN_UNUSED_VARIABLE = YES;
				IPHONEOS_DEPLOYMENT_TARGET = 11.2;
				MTL_ENABLE_DEBUG_INFO = YES;
				ONLY_ACTIVE_ARCH = YES;
				SDKROOT = iphoneos;
				SWIFT_ACTIVE_COMPILATION_CONDITIONS = DEBUG;
				SWIFT_OPTIMIZATION_LEVEL = "-Onone";
			};
			name = Debug;
		};
		85B94ACE206CA7F000ABB348 /* Release */ = {
			isa = XCBuildConfiguration;
			buildSettings = {
				ALWAYS_SEARCH_USER_PATHS = NO;
				CLANG_ANALYZER_NONNULL = YES;
				CLANG_ANALYZER_NUMBER_OBJECT_CONVERSION = YES_AGGRESSIVE;
				CLANG_CXX_LANGUAGE_STANDARD = "gnu++14";
				CLANG_CXX_LIBRARY = "libc++";
				CLANG_ENABLE_MODULES = YES;
				CLANG_ENABLE_OBJC_ARC = YES;
				CLANG_WARN_BLOCK_CAPTURE_AUTORELEASING = YES;
				CLANG_WARN_BOOL_CONVERSION = YES;
				CLANG_WARN_COMMA = YES;
				CLANG_WARN_CONSTANT_CONVERSION = YES;
				CLANG_WARN_DIRECT_OBJC_ISA_USAGE = YES_ERROR;
				CLANG_WARN_DOCUMENTATION_COMMENTS = YES;
				CLANG_WARN_EMPTY_BODY = YES;
				CLANG_WARN_ENUM_CONVERSION = YES;
				CLANG_WARN_INFINITE_RECURSION = YES;
				CLANG_WARN_INT_CONVERSION = YES;
				CLANG_WARN_NON_LITERAL_NULL_CONVERSION = YES;
				CLANG_WARN_OBJC_LITERAL_CONVERSION = YES;
				CLANG_WARN_OBJC_ROOT_CLASS = YES_ERROR;
				CLANG_WARN_RANGE_LOOP_ANALYSIS = YES;
				CLANG_WARN_STRICT_PROTOTYPES = YES;
				CLANG_WARN_SUSPICIOUS_MOVE = YES;
				CLANG_WARN_UNGUARDED_AVAILABILITY = YES_AGGRESSIVE;
				CLANG_WARN_UNREACHABLE_CODE = YES;
				CLANG_WARN__DUPLICATE_METHOD_MATCH = YES;
				CODE_SIGN_IDENTITY = "iPhone Developer";
				COPY_PHASE_STRIP = NO;
				DEBUG_INFORMATION_FORMAT = "dwarf-with-dsym";
				ENABLE_NS_ASSERTIONS = NO;
				ENABLE_STRICT_OBJC_MSGSEND = YES;
				GCC_C_LANGUAGE_STANDARD = gnu11;
				GCC_NO_COMMON_BLOCKS = YES;
				GCC_WARN_64_TO_32_BIT_CONVERSION = YES;
				GCC_WARN_ABOUT_RETURN_TYPE = YES_ERROR;
				GCC_WARN_UNDECLARED_SELECTOR = YES;
				GCC_WARN_UNINITIALIZED_AUTOS = YES_AGGRESSIVE;
				GCC_WARN_UNUSED_FUNCTION = YES;
				GCC_WARN_UNUSED_VARIABLE = YES;
				IPHONEOS_DEPLOYMENT_TARGET = 11.2;
				MTL_ENABLE_DEBUG_INFO = NO;
				SDKROOT = iphoneos;
				SWIFT_OPTIMIZATION_LEVEL = "-Owholemodule";
				VALIDATE_PRODUCT = YES;
			};
			name = Release;
		};
		85B94AD0206CA7F000ABB348 /* Debug */ = {
			isa = XCBuildConfiguration;
			buildSettings = {
				ASSETCATALOG_COMPILER_APPICON_NAME = AppIcon;
				CODE_SIGN_STYLE = Automatic;
				INFOPLIST_FILE = "Prime number check/Info.plist";
				LD_RUNPATH_SEARCH_PATHS = "$(inherited) @executable_path/Frameworks";
				PRODUCT_BUNDLE_IDENTIFIER = "dit.ac.kr.Prime-number-check";
				PRODUCT_NAME = "$(TARGET_NAME)";
				SWIFT_VERSION = 4.0;
				TARGETED_DEVICE_FAMILY = "1,2";
			};
			name = Debug;
		};
		85B94AD1206CA7F000ABB348 /* Release */ = {
			isa = XCBuildConfiguration;
			buildSettings = {
				ASSETCATALOG_COMPILER_APPICON_NAME = AppIcon;
				CODE_SIGN_STYLE = Automatic;
				INFOPLIST_FILE = "Prime number check/Info.plist";
				LD_RUNPATH_SEARCH_PATHS = "$(inherited) @executable_path/Frameworks";
				PRODUCT_BUNDLE_IDENTIFIER = "dit.ac.kr.Prime-number-check";
				PRODUCT_NAME = "$(TARGET_NAME)";
				SWIFT_VERSION = 4.0;
				TARGETED_DEVICE_FAMILY = "1,2";
			};
			name = Release;
		};
/* End XCBuildConfiguration section */

/* Begin XCConfigurationList section */
		85B94AB8206CA7F000ABB348 /* Build configuration list for PBXProject "Prime number check" */ = {
			isa = XCConfigurationList;
			buildConfigurations = (
				85B94ACD206CA7F000ABB348 /* Debug */,
				85B94ACE206CA7F000ABB348 /* Release */,
			);
			defaultConfigurationIsVisible = 0;
			defaultConfigurationName = Release;
		};
		85B94ACF206CA7F000ABB348 /* Build configuration list for PBXNativeTarget "Prime number check" */ = {
			isa = XCConfigurationList;
			buildConfigurations = (
				85B94AD0206CA7F000ABB348 /* Debug */,
				85B94AD1206CA7F000ABB348 /* Release */,
			);
			defaultConfigurationIsVisible = 0;
			defaultConfigurationName = Release;
		};
/* End XCConfigurationList section */
	};
	rootObject = 85B94AB5206CA7F000ABB348 /* Project object */;
}
